// !$*UTF8*$!
{
	archiveVersion = 1;
	classes = {
	};
	objectVersion = 55;
	objects = {

/* Begin PBXBuildFile section */
		63087C0A29A0100200A99C1E /* FirebaseFirestore in Frameworks */ = {isa = PBXBuildFile; productRef = 63087C0929A0100200A99C1E /* FirebaseFirestore */; };
		63087C0C29A0100200A99C1E /* FirebaseFirestoreSwift in Frameworks */ = {isa = PBXBuildFile; productRef = 63087C0B29A0100200A99C1E /* FirebaseFirestoreSwift */; };
		63087C0E29A0100200A99C1E /* FirebaseStorage in Frameworks */ = {isa = PBXBuildFile; productRef = 63087C0D29A0100200A99C1E /* FirebaseStorage */; };
		63087C1029A1427400A99C1E /* PDFViewController.swift in Sources */ = {isa = PBXBuildFile; fileRef = 63087C0F29A1427400A99C1E /* PDFViewController.swift */; };
		6315E0822994099B00585F5A /* BooksViewController.swift in Sources */ = {isa = PBXBuildFile; fileRef = 6315E0812994099B00585F5A /* BooksViewController.swift */; };
		6320CA032927EE400090B768 /* DetailCollectionViewController.swift in Sources */ = {isa = PBXBuildFile; fileRef = 6320CA022927EE400090B768 /* DetailCollectionViewController.swift */; };
		6389E3AB28FC5961003A7CE3 /* AppDelegate.swift in Sources */ = {isa = PBXBuildFile; fileRef = 6389E3AA28FC5961003A7CE3 /* AppDelegate.swift */; };
		6389E3AD28FC5961003A7CE3 /* SceneDelegate.swift in Sources */ = {isa = PBXBuildFile; fileRef = 6389E3AC28FC5961003A7CE3 /* SceneDelegate.swift */; };
		6389E3AF28FC5961003A7CE3 /* MainViewController.swift in Sources */ = {isa = PBXBuildFile; fileRef = 6389E3AE28FC5961003A7CE3 /* MainViewController.swift */; };
		6389E3B428FC5965003A7CE3 /* Assets.xcassets in Resources */ = {isa = PBXBuildFile; fileRef = 6389E3B328FC5965003A7CE3 /* Assets.xcassets */; };
		6389E3B728FC5965003A7CE3 /* LaunchScreen.storyboard in Resources */ = {isa = PBXBuildFile; fileRef = 6389E3B528FC5965003A7CE3 /* LaunchScreen.storyboard */; };
		6389E3C528FC5F9B003A7CE3 /* ListItem.swift in Sources */ = {isa = PBXBuildFile; fileRef = 6389E3C428FC5F9B003A7CE3 /* ListItem.swift */; };
		6389E3C728FC5FDA003A7CE3 /* ListSection.swift in Sources */ = {isa = PBXBuildFile; fileRef = 6389E3C628FC5FDA003A7CE3 /* ListSection.swift */; };
		6389E3C928FC6201003A7CE3 /* MockData.swift in Sources */ = {isa = PBXBuildFile; fileRef = 6389E3C828FC6201003A7CE3 /* MockData.swift */; };
		6389E3CC28FC7C9D003A7CE3 /* ObjectCollectionViewCell.swift in Sources */ = {isa = PBXBuildFile; fileRef = 6389E3CB28FC7C9D003A7CE3 /* ObjectCollectionViewCell.swift */; };
		6389E3CE28FC7FF6003A7CE3 /* RecomendationCollectionViewCell.swift in Sources */ = {isa = PBXBuildFile; fileRef = 6389E3CD28FC7FF6003A7CE3 /* RecomendationCollectionViewCell.swift */; };
		6389E3D028FC8EBD003A7CE3 /* HeaderSupplementaryView.swift in Sources */ = {isa = PBXBuildFile; fileRef = 6389E3CF28FC8EBD003A7CE3 /* HeaderSupplementaryView.swift */; };
		63E445092994FB64007D9615 /* BooksCollectionViewCell.swift in Sources */ = {isa = PBXBuildFile; fileRef = 63E445082994FB64007D9615 /* BooksCollectionViewCell.swift */; };
		63E4450B29981A84007D9615 /* GoogleService-Info.plist in Resources */ = {isa = PBXBuildFile; fileRef = 63E4450A29981A84007D9615 /* GoogleService-Info.plist */; };
		63E4451229982044007D9615 /* APIManager.swift in Sources */ = {isa = PBXBuildFile; fileRef = 63E4451129982044007D9615 /* APIManager.swift */; };
/* End PBXBuildFile section */

/* Begin PBXFileReference section */
		63087C0F29A1427400A99C1E /* PDFViewController.swift */ = {isa = PBXFileReference; lastKnownFileType = sourcecode.swift; path = PDFViewController.swift; sourceTree = "<group>"; };
		6315E0812994099B00585F5A /* BooksViewController.swift */ = {isa = PBXFileReference; lastKnownFileType = sourcecode.swift; path = BooksViewController.swift; sourceTree = "<group>"; };
		6320CA022927EE400090B768 /* DetailCollectionViewController.swift */ = {isa = PBXFileReference; lastKnownFileType = sourcecode.swift; path = DetailCollectionViewController.swift; sourceTree = "<group>"; };
		6389E3A728FC5961003A7CE3 /* Mobile Library 2.0.app */ = {isa = PBXFileReference; explicitFileType = wrapper.application; includeInIndex = 0; path = "Mobile Library 2.0.app"; sourceTree = BUILT_PRODUCTS_DIR; };
		6389E3AA28FC5961003A7CE3 /* AppDelegate.swift */ = {isa = PBXFileReference; lastKnownFileType = sourcecode.swift; path = AppDelegate.swift; sourceTree = "<group>"; };
		6389E3AC28FC5961003A7CE3 /* SceneDelegate.swift */ = {isa = PBXFileReference; lastKnownFileType = sourcecode.swift; path = SceneDelegate.swift; sourceTree = "<group>"; };
		6389E3AE28FC5961003A7CE3 /* MainViewController.swift */ = {isa = PBXFileReference; lastKnownFileType = sourcecode.swift; path = MainViewController.swift; sourceTree = "<group>"; };
		6389E3B328FC5965003A7CE3 /* Assets.xcassets */ = {isa = PBXFileReference; lastKnownFileType = folder.assetcatalog; path = Assets.xcassets; sourceTree = "<group>"; };
		6389E3B628FC5965003A7CE3 /* Base */ = {isa = PBXFileReference; lastKnownFileType = file.storyboard; name = Base; path = Base.lproj/LaunchScreen.storyboard; sourceTree = "<group>"; };
		6389E3B828FC5965003A7CE3 /* Info.plist */ = {isa = PBXFileReference; lastKnownFileType = text.plist.xml; path = Info.plist; sourceTree = "<group>"; };
		6389E3C428FC5F9B003A7CE3 /* ListItem.swift */ = {isa = PBXFileReference; lastKnownFileType = sourcecode.swift; path = ListItem.swift; sourceTree = "<group>"; };
		6389E3C628FC5FDA003A7CE3 /* ListSection.swift */ = {isa = PBXFileReference; lastKnownFileType = sourcecode.swift; path = ListSection.swift; sourceTree = "<group>"; };
		6389E3C828FC6201003A7CE3 /* MockData.swift */ = {isa = PBXFileReference; lastKnownFileType = sourcecode.swift; path = MockData.swift; sourceTree = "<group>"; };
		6389E3CB28FC7C9D003A7CE3 /* ObjectCollectionViewCell.swift */ = {isa = PBXFileReference; lastKnownFileType = sourcecode.swift; path = ObjectCollectionViewCell.swift; sourceTree = "<group>"; };
		6389E3CD28FC7FF6003A7CE3 /* RecomendationCollectionViewCell.swift */ = {isa = PBXFileReference; lastKnownFileType = sourcecode.swift; path = RecomendationCollectionViewCell.swift; sourceTree = "<group>"; };
		6389E3CF28FC8EBD003A7CE3 /* HeaderSupplementaryView.swift */ = {isa = PBXFileReference; lastKnownFileType = sourcecode.swift; path = HeaderSupplementaryView.swift; sourceTree = "<group>"; };
		63E445082994FB64007D9615 /* BooksCollectionViewCell.swift */ = {isa = PBXFileReference; lastKnownFileType = sourcecode.swift; path = BooksCollectionViewCell.swift; sourceTree = "<group>"; };
		63E4450A29981A84007D9615 /* GoogleService-Info.plist */ = {isa = PBXFileReference; fileEncoding = 4; lastKnownFileType = text.plist.xml; name = "GoogleService-Info.plist"; path = "../../../../Downloads/GoogleService-Info.plist"; sourceTree = "<group>"; };
		63E4451129982044007D9615 /* APIManager.swift */ = {isa = PBXFileReference; lastKnownFileType = sourcecode.swift; path = APIManager.swift; sourceTree = "<group>"; };
/* End PBXFileReference section */

/* Begin PBXFrameworksBuildPhase section */
		6389E3A428FC5961003A7CE3 /* Frameworks */ = {
			isa = PBXFrameworksBuildPhase;
			buildActionMask = 2147483647;
			files = (
				63087C0A29A0100200A99C1E /* FirebaseFirestore in Frameworks */,
				63087C0C29A0100200A99C1E /* FirebaseFirestoreSwift in Frameworks */,
				63087C0E29A0100200A99C1E /* FirebaseStorage in Frameworks */,
			);
			runOnlyForDeploymentPostprocessing = 0;
		};
/* End PBXFrameworksBuildPhase section */

/* Begin PBXGroup section */
		6389E39E28FC5960003A7CE3 = {
			isa = PBXGroup;
			children = (
				6389E3A928FC5961003A7CE3 /* Mobile Library 2.0 */,
				6389E3A828FC5961003A7CE3 /* Products */,
			);
			sourceTree = "<group>";
		};
		6389E3A828FC5961003A7CE3 /* Products */ = {
			isa = PBXGroup;
			children = (
				6389E3A728FC5961003A7CE3 /* Mobile Library 2.0.app */,
			);
			name = Products;
			sourceTree = "<group>";
		};
		6389E3A928FC5961003A7CE3 /* Mobile Library 2.0 */ = {
			isa = PBXGroup;
			children = (
				6389E3BE28FC5A06003A7CE3 /* Application */,
				6389E3BF28FC5A18003A7CE3 /* SupportingFiles */,
				6389E3C028FC5A36003A7CE3 /* Model */,
				6389E3C128FC5A3B003A7CE3 /* View */,
				6389E3C228FC5A3F003A7CE3 /* Controller */,
			);
			path = "Mobile Library 2.0";
			sourceTree = "<group>";
		};
		6389E3BE28FC5A06003A7CE3 /* Application */ = {
			isa = PBXGroup;
			children = (
				6389E3AA28FC5961003A7CE3 /* AppDelegate.swift */,
				6389E3AC28FC5961003A7CE3 /* SceneDelegate.swift */,
			);
			path = Application;
			sourceTree = "<group>";
		};
		6389E3BF28FC5A18003A7CE3 /* SupportingFiles */ = {
			isa = PBXGroup;
			children = (
				63E4450A29981A84007D9615 /* GoogleService-Info.plist */,
				6389E3B828FC5965003A7CE3 /* Info.plist */,
				6389E3B528FC5965003A7CE3 /* LaunchScreen.storyboard */,
				6389E3B328FC5965003A7CE3 /* Assets.xcassets */,
			);
			path = SupportingFiles;
			sourceTree = "<group>";
		};
		6389E3C028FC5A36003A7CE3 /* Model */ = {
			isa = PBXGroup;
			children = (
				6389E3C428FC5F9B003A7CE3 /* ListItem.swift */,
				6389E3C628FC5FDA003A7CE3 /* ListSection.swift */,
				6389E3C828FC6201003A7CE3 /* MockData.swift */,
				63E4451129982044007D9615 /* APIManager.swift */,
			);
			path = Model;
			sourceTree = "<group>";
		};
		6389E3C128FC5A3B003A7CE3 /* View */ = {
			isa = PBXGroup;
			children = (
				6389E3CA28FC7C81003A7CE3 /* Cell */,
				6389E3CF28FC8EBD003A7CE3 /* HeaderSupplementaryView.swift */,
			);
			path = View;
			sourceTree = "<group>";
		};
		6389E3C228FC5A3F003A7CE3 /* Controller */ = {
			isa = PBXGroup;
			children = (
				6320CA022927EE400090B768 /* DetailCollectionViewController.swift */,
				6315E0812994099B00585F5A /* BooksViewController.swift */,
				6389E3AE28FC5961003A7CE3 /* MainViewController.swift */,
				63087C0F29A1427400A99C1E /* PDFViewController.swift */,
			);
			path = Controller;
			sourceTree = "<group>";
		};
		6389E3CA28FC7C81003A7CE3 /* Cell */ = {
			isa = PBXGroup;
			children = (
				6389E3CB28FC7C9D003A7CE3 /* ObjectCollectionViewCell.swift */,
				6389E3CD28FC7FF6003A7CE3 /* RecomendationCollectionViewCell.swift */,
				63E445082994FB64007D9615 /* BooksCollectionViewCell.swift */,
			);
			path = Cell;
			sourceTree = "<group>";
		};
/* End PBXGroup section */

/* Begin PBXNativeTarget section */
		6389E3A628FC5961003A7CE3 /* Mobile Library 2.0 */ = {
			isa = PBXNativeTarget;
			buildConfigurationList = 6389E3BB28FC5965003A7CE3 /* Build configuration list for PBXNativeTarget "Mobile Library 2.0" */;
			buildPhases = (
				6389E3A328FC5961003A7CE3 /* Sources */,
				6389E3A428FC5961003A7CE3 /* Frameworks */,
				6389E3A528FC5961003A7CE3 /* Resources */,
			);
			buildRules = (
			);
			dependencies = (
			);
			name = "Mobile Library 2.0";
			packageProductDependencies = (
				63087C0929A0100200A99C1E /* FirebaseFirestore */,
				63087C0B29A0100200A99C1E /* FirebaseFirestoreSwift */,
				63087C0D29A0100200A99C1E /* FirebaseStorage */,
			);
			productName = "Mobile Library 2.0";
			productReference = 6389E3A728FC5961003A7CE3 /* Mobile Library 2.0.app */;
			productType = "com.apple.product-type.application";
		};
/* End PBXNativeTarget section */

/* Begin PBXProject section */
		6389E39F28FC5961003A7CE3 /* Project object */ = {
			isa = PBXProject;
			attributes = {
				BuildIndependentTargetsInParallel = 1;
				LastSwiftUpdateCheck = 1330;
				LastUpgradeCheck = 1330;
				TargetAttributes = {
					6389E3A628FC5961003A7CE3 = {
						CreatedOnToolsVersion = 13.3.1;
					};
				};
			};
			buildConfigurationList = 6389E3A228FC5961003A7CE3 /* Build configuration list for PBXProject "Mobile Library 2.0" */;
			compatibilityVersion = "Xcode 13.0";
			developmentRegion = en;
			hasScannedForEncodings = 0;
			knownRegions = (
				en,
				Base,
			);
			mainGroup = 6389E39E28FC5960003A7CE3;
			packageReferences = (
				63087C0829A0100200A99C1E /* XCRemoteSwiftPackageReference "firebase-ios-sdk" */,
			);
			productRefGroup = 6389E3A828FC5961003A7CE3 /* Products */;
			projectDirPath = "";
			projectRoot = "";
			targets = (
				6389E3A628FC5961003A7CE3 /* Mobile Library 2.0 */,
			);
		};
/* End PBXProject section */

/* Begin PBXResourcesBuildPhase section */
		6389E3A528FC5961003A7CE3 /* Resources */ = {
			isa = PBXResourcesBuildPhase;
			buildActionMask = 2147483647;
			files = (
				6389E3B728FC5965003A7CE3 /* LaunchScreen.storyboard in Resources */,
				6389E3B428FC5965003A7CE3 /* Assets.xcassets in Resources */,
				63E4450B29981A84007D9615 /* GoogleService-Info.plist in Resources */,
			);
			runOnlyForDeploymentPostprocessing = 0;
		};
/* End PBXResourcesBuildPhase section */

/* Begin PBXSourcesBuildPhase section */
		6389E3A328FC5961003A7CE3 /* Sources */ = {
			isa = PBXSourcesBuildPhase;
			buildActionMask = 2147483647;
			files = (
				6320CA032927EE400090B768 /* DetailCollectionViewController.swift in Sources */,
				6389E3C528FC5F9B003A7CE3 /* ListItem.swift in Sources */,
				6389E3CC28FC7C9D003A7CE3 /* ObjectCollectionViewCell.swift in Sources */,
				6389E3C928FC6201003A7CE3 /* MockData.swift in Sources */,
				6389E3AF28FC5961003A7CE3 /* MainViewController.swift in Sources */,
				63087C1029A1427400A99C1E /* PDFViewController.swift in Sources */,
				63E445092994FB64007D9615 /* BooksCollectionViewCell.swift in Sources */,
				6389E3AB28FC5961003A7CE3 /* AppDelegate.swift in Sources */,
				6389E3D028FC8EBD003A7CE3 /* HeaderSupplementaryView.swift in Sources */,
				6389E3AD28FC5961003A7CE3 /* SceneDelegate.swift in Sources */,
				6389E3C728FC5FDA003A7CE3 /* ListSection.swift in Sources */,
				63E4451229982044007D9615 /* APIManager.swift in Sources */,
				6315E0822994099B00585F5A /* BooksViewController.swift in Sources */,
				6389E3CE28FC7FF6003A7CE3 /* RecomendationCollectionViewCell.swift in Sources */,
			);
			runOnlyForDeploymentPostprocessing = 0;
		};
/* End PBXSourcesBuildPhase section */

/* Begin PBXVariantGroup section */
		6389E3B528FC5965003A7CE3 /* LaunchScreen.storyboard */ = {
			isa = PBXVariantGroup;
			children = (
				6389E3B628FC5965003A7CE3 /* Base */,
			);
			name = LaunchScreen.storyboard;
			sourceTree = "<group>";
		};
/* End PBXVariantGroup section */

/* Begin XCBuildConfiguration section */
		6389E3B928FC5965003A7CE3 /* Debug */ = {
			isa = XCBuildConfiguration;
			buildSettings = {
				ALWAYS_SEARCH_USER_PATHS = NO;
				CLANG_ANALYZER_NONNULL = YES;
				CLANG_ANALYZER_NUMBER_OBJECT_CONVERSION = YES_AGGRESSIVE;
				CLANG_CXX_LANGUAGE_STANDARD = "gnu++17";
				CLANG_ENABLE_MODULES = YES;
				CLANG_ENABLE_OBJC_ARC = YES;
				CLANG_ENABLE_OBJC_WEAK = YES;
				CLANG_WARN_BLOCK_CAPTURE_AUTORELEASING = YES;
				CLANG_WARN_BOOL_CONVERSION = YES;
				CLANG_WARN_COMMA = YES;
				CLANG_WARN_CONSTANT_CONVERSION = YES;
				CLANG_WARN_DEPRECATED_OBJC_IMPLEMENTATIONS = YES;
				CLANG_WARN_DIRECT_OBJC_ISA_USAGE = YES_ERROR;
				CLANG_WARN_DOCUMENTATION_COMMENTS = YES;
				CLANG_WARN_EMPTY_BODY = YES;
				CLANG_WARN_ENUM_CONVERSION = YES;
				CLANG_WARN_INFINITE_RECURSION = YES;
				CLANG_WARN_INT_CONVERSION = YES;
				CLANG_WARN_NON_LITERAL_NULL_CONVERSION = YES;
				CLANG_WARN_OBJC_IMPLICIT_RETAIN_SELF = YES;
				CLANG_WARN_OBJC_LITERAL_CONVERSION = YES;
				CLANG_WARN_OBJC_ROOT_CLASS = YES_ERROR;
				CLANG_WARN_QUOTED_INCLUDE_IN_FRAMEWORK_HEADER = YES;
				CLANG_WARN_RANGE_LOOP_ANALYSIS = YES;
				CLANG_WARN_STRICT_PROTOTYPES = YES;
				CLANG_WARN_SUSPICIOUS_MOVE = YES;
				CLANG_WARN_UNGUARDED_AVAILABILITY = YES_AGGRESSIVE;
				CLANG_WARN_UNREACHABLE_CODE = YES;
				CLANG_WARN__DUPLICATE_METHOD_MATCH = YES;
				COPY_PHASE_STRIP = NO;
				DEBUG_INFORMATION_FORMAT = dwarf;
				ENABLE_STRICT_OBJC_MSGSEND = YES;
				ENABLE_TESTABILITY = YES;
				GCC_C_LANGUAGE_STANDARD = gnu11;
				GCC_DYNAMIC_NO_PIC = NO;
				GCC_NO_COMMON_BLOCKS = YES;
				GCC_OPTIMIZATION_LEVEL = 0;
				GCC_PREPROCESSOR_DEFINITIONS = (
					"DEBUG=1",
					"$(inherited)",
				);
				GCC_WARN_64_TO_32_BIT_CONVERSION = YES;
				GCC_WARN_ABOUT_RETURN_TYPE = YES_ERROR;
				GCC_WARN_UNDECLARED_SELECTOR = YES;
				GCC_WARN_UNINITIALIZED_AUTOS = YES_AGGRESSIVE;
				GCC_WARN_UNUSED_FUNCTION = YES;
				GCC_WARN_UNUSED_VARIABLE = YES;
				IPHONEOS_DEPLOYMENT_TARGET = 15.4;
				MTL_ENABLE_DEBUG_INFO = INCLUDE_SOURCE;
				MTL_FAST_MATH = YES;
				ONLY_ACTIVE_ARCH = YES;
				SDKROOT = iphoneos;
				SWIFT_ACTIVE_COMPILATION_CONDITIONS = DEBUG;
				SWIFT_OPTIMIZATION_LEVEL = "-Onone";
			};
			name = Debug;
		};
		6389E3BA28FC5965003A7CE3 /* Release */ = {
			isa = XCBuildConfiguration;
			buildSettings = {
				ALWAYS_SEARCH_USER_PATHS = NO;
				CLANG_ANALYZER_NONNULL = YES;
				CLANG_ANALYZER_NUMBER_OBJECT_CONVERSION = YES_AGGRESSIVE;
				CLANG_CXX_LANGUAGE_STANDARD = "gnu++17";
				CLANG_ENABLE_MODULES = YES;
				CLANG_ENABLE_OBJC_ARC = YES;
				CLANG_ENABLE_OBJC_WEAK = YES;
				CLANG_WARN_BLOCK_CAPTURE_AUTORELEASING = YES;
				CLANG_WARN_BOOL_CONVERSION = YES;
				CLANG_WARN_COMMA = YES;
				CLANG_WARN_CONSTANT_CONVERSION = YES;
				CLANG_WARN_DEPRECATED_OBJC_IMPLEMENTATIONS = YES;
				CLANG_WARN_DIRECT_OBJC_ISA_USAGE = YES_ERROR;
				CLANG_WARN_DOCUMENTATION_COMMENTS = YES;
				CLANG_WARN_EMPTY_BODY = YES;
				CLANG_WARN_ENUM_CONVERSION = YES;
				CLANG_WARN_INFINITE_RECURSION = YES;
				CLANG_WARN_INT_CONVERSION = YES;
				CLANG_WARN_NON_LITERAL_NULL_CONVERSION = YES;
				CLANG_WARN_OBJC_IMPLICIT_RETAIN_SELF = YES;
				CLANG_WARN_OBJC_LITERAL_CONVERSION = YES;
				CLANG_WARN_OBJC_ROOT_CLASS = YES_ERROR;
				CLANG_WARN_QUOTED_INCLUDE_IN_FRAMEWORK_HEADER = YES;
				CLANG_WARN_RANGE_LOOP_ANALYSIS = YES;
				CLANG_WARN_STRICT_PROTOTYPES = YES;
				CLANG_WARN_SUSPICIOUS_MOVE = YES;
				CLANG_WARN_UNGUARDED_AVAILABILITY = YES_AGGRESSIVE;
				CLANG_WARN_UNREACHABLE_CODE = YES;
				CLANG_WARN__DUPLICATE_METHOD_MATCH = YES;
				COPY_PHASE_STRIP = NO;
				DEBUG_INFORMATION_FORMAT = "dwarf-with-dsym";
				ENABLE_NS_ASSERTIONS = NO;
				ENABLE_STRICT_OBJC_MSGSEND = YES;
				GCC_C_LANGUAGE_STANDARD = gnu11;
				GCC_NO_COMMON_BLOCKS = YES;
				GCC_WARN_64_TO_32_BIT_CONVERSION = YES;
				GCC_WARN_ABOUT_RETURN_TYPE = YES_ERROR;
				GCC_WARN_UNDECLARED_SELECTOR = YES;
				GCC_WARN_UNINITIALIZED_AUTOS = YES_AGGRESSIVE;
				GCC_WARN_UNUSED_FUNCTION = YES;
				GCC_WARN_UNUSED_VARIABLE = YES;
				IPHONEOS_DEPLOYMENT_TARGET = 15.4;
				MTL_ENABLE_DEBUG_INFO = NO;
				MTL_FAST_MATH = YES;
				SDKROOT = iphoneos;
				SWIFT_COMPILATION_MODE = wholemodule;
				SWIFT_OPTIMIZATION_LEVEL = "-O";
				VALIDATE_PRODUCT = YES;
			};
			name = Release;
		};
		6389E3BC28FC5965003A7CE3 /* Debug */ = {
			isa = XCBuildConfiguration;
			buildSettings = {
				ASSETCATALOG_COMPILER_APPICON_NAME = AppIcon;
				ASSETCATALOG_COMPILER_GLOBAL_ACCENT_COLOR_NAME = AccentColor;
				CODE_SIGN_STYLE = Automatic;
				CURRENT_PROJECT_VERSION = 1;
				DEVELOPMENT_TEAM = CTY44DYVYJ;
				GENERATE_INFOPLIST_FILE = YES;
				INFOPLIST_FILE = "Mobile Library 2.0/SupportingFiles/Info.plist";
				INFOPLIST_KEY_UIApplicationSupportsIndirectInputEvents = YES;
				INFOPLIST_KEY_UILaunchStoryboardName = LaunchScreen;
				INFOPLIST_KEY_UISupportedInterfaceOrientations = UIInterfaceOrientationPortrait;
				INFOPLIST_KEY_UISupportedInterfaceOrientations_iPad = "UIInterfaceOrientationPortrait UIInterfaceOrientationPortraitUpsideDown UIInterfaceOrientationLandscapeLeft UIInterfaceOrientationLandscapeRight";
				INFOPLIST_KEY_UISupportedInterfaceOrientations_iPhone = "UIInterfaceOrientationPortrait UIInterfaceOrientationLandscapeLeft UIInterfaceOrientationLandscapeRight";
				LD_RUNPATH_SEARCH_PATHS = (
					"$(inherited)",
					"@executable_path/Frameworks",
				);
				MARKETING_VERSION = 1.0;
				PRODUCT_BUNDLE_IDENTIFIER = "MaximShishlov.Mobile-Library-2-0";
				PRODUCT_NAME = "$(TARGET_NAME)";
				SWIFT_EMIT_LOC_STRINGS = YES;
				SWIFT_VERSION = 5.0;
				TARGETED_DEVICE_FAMILY = "1,2";
			};
			name = Debug;
		};
		6389E3BD28FC5965003A7CE3 /* Release */ = {
			isa = XCBuildConfiguration;
			buildSettings = {
				ASSETCATALOG_COMPILER_APPICON_NAME = AppIcon;
				ASSETCATALOG_COMPILER_GLOBAL_ACCENT_COLOR_NAME = AccentColor;
				CODE_SIGN_STYLE = Automatic;
				CURRENT_PROJECT_VERSION = 1;
				DEVELOPMENT_TEAM = CTY44DYVYJ;
				GENERATE_INFOPLIST_FILE = YES;
				INFOPLIST_FILE = "Mobile Library 2.0/SupportingFiles/Info.plist";
				INFOPLIST_KEY_UIApplicationSupportsIndirectInputEvents = YES;
				INFOPLIST_KEY_UILaunchStoryboardName = LaunchScreen;
				INFOPLIST_KEY_UISupportedInterfaceOrientations = UIInterfaceOrientationPortrait;
				INFOPLIST_KEY_UISupportedInterfaceOrientations_iPad = "UIInterfaceOrientationPortrait UIInterfaceOrientationPortraitUpsideDown UIInterfaceOrientationLandscapeLeft UIInterfaceOrientationLandscapeRight";
				INFOPLIST_KEY_UISupportedInterfaceOrientations_iPhone = "UIInterfaceOrientationPortrait UIInterfaceOrientationLandscapeLeft UIInterfaceOrientationLandscapeRight";
				LD_RUNPATH_SEARCH_PATHS = (
					"$(inherited)",
					"@executable_path/Frameworks",
				);
				MARKETING_VERSION = 1.0;
				PRODUCT_BUNDLE_IDENTIFIER = "MaximShishlov.Mobile-Library-2-0";
				PRODUCT_NAME = "$(TARGET_NAME)";
				SWIFT_EMIT_LOC_STRINGS = YES;
				SWIFT_VERSION = 5.0;
				TARGETED_DEVICE_FAMILY = "1,2";
			};
			name = Release;
		};
/* End XCBuildConfiguration section */

/* Begin XCConfigurationList section */
		6389E3A228FC5961003A7CE3 /* Build configuration list for PBXProject "Mobile Library 2.0" */ = {
			isa = XCConfigurationList;
			buildConfigurations = (
				6389E3B928FC5965003A7CE3 /* Debug */,
				6389E3BA28FC5965003A7CE3 /* Release */,
			);
			defaultConfigurationIsVisible = 0;
			defaultConfigurationName = Release;
		};
		6389E3BB28FC5965003A7CE3 /* Build configuration list for PBXNativeTarget "Mobile Library 2.0" */ = {
			isa = XCConfigurationList;
			buildConfigurations = (
				6389E3BC28FC5965003A7CE3 /* Debug */,
				6389E3BD28FC5965003A7CE3 /* Release */,
			);
			defaultConfigurationIsVisible = 0;
			defaultConfigurationName = Release;
		};
/* End XCConfigurationList section */

/* Begin XCRemoteSwiftPackageReference section */
		63087C0829A0100200A99C1E /* XCRemoteSwiftPackageReference "firebase-ios-sdk" */ = {
			isa = XCRemoteSwiftPackageReference;
			repositoryURL = "https://github.com/firebase/firebase-ios-sdk";
			requirement = {
				kind = upToNextMajorVersion;
				minimumVersion = 9.0.0;
			};
		};
/* End XCRemoteSwiftPackageReference section */

/* Begin XCSwiftPackageProductDependency section */
		63087C0929A0100200A99C1E /* FirebaseFirestore */ = {
			isa = XCSwiftPackageProductDependency;
			package = 63087C0829A0100200A99C1E /* XCRemoteSwiftPackageReference "firebase-ios-sdk" */;
			productName = FirebaseFirestore;
		};
		63087C0B29A0100200A99C1E /* FirebaseFirestoreSwift */ = {
			isa = XCSwiftPackageProductDependency;
			package = 63087C0829A0100200A99C1E /* XCRemoteSwiftPackageReference "firebase-ios-sdk" */;
			productName = FirebaseFirestoreSwift;
		};
		63087C0D29A0100200A99C1E /* FirebaseStorage */ = {
			isa = XCSwiftPackageProductDependency;
			package = 63087C0829A0100200A99C1E /* XCRemoteSwiftPackageReference "firebase-ios-sdk" */;
			productName = FirebaseStorage;
		};
/* End XCSwiftPackageProductDependency section */
	};
	rootObject = 6389E39F28FC5961003A7CE3 /* Project object */;
}
